
Microsoft Visual Studio Solution File, Format Version 12.00
# Visual Studio Version 17
VisualStudioVersion = 17.3.32825.248
MinimumVisualStudioVersion = 10.0.40219.1
Project("{9A19103F-16F7-4668-BE54-9A1E7A4F7556}") = "Solid.API", "Web_API_Hall\Solid.API.csproj", "{37944AC4-5130-41E6-806A-F73459325030}"
EndProject
Project("{FAE04EC0-301F-11D3-BF4B-00C04F79EFBC}") = "Solid.Service", "Solid.Service\Solid.Service.csproj", "{3C771061-3B66-4894-B008-A97CA03FC843}"
EndProject
Project("{FAE04EC0-301F-11D3-BF4B-00C04F79EFBC}") = "Solid.Data", "Solid.Data\Solid.Data.csproj", "{6E5A6280-EE67-4AF5-BEE4-6E72F52A50CC}"
EndProject
Project("{FAE04EC0-301F-11D3-BF4B-00C04F79EFBC}") = "Solid.Core", "Solid.Core\Solid.Core.csproj", "{522E1757-28D6-4010-8DB4-C75E390A663C}"
EndProject
Global
	GlobalSection(SolutionConfigurationPlatforms) = preSolution
		Debug|Any CPU = Debug|Any CPU
		Release|Any CPU = Release|Any CPU
	EndGlobalSection
	GlobalSection(ProjectConfigurationPlatforms) = postSolution
		{37944AC4-5130-41E6-806A-F73459325030}.Debug|Any CPU.ActiveCfg = Debug|Any CPU
		{37944AC4-5130-41E6-806A-F73459325030}.Debug|Any CPU.Build.0 = Debug|Any CPU
		{37944AC4-5130-41E6-806A-F73459325030}.Release|Any CPU.ActiveCfg = Release|Any CPU
		{37944AC4-5130-41E6-806A-F73459325030}.Release|Any CPU.Build.0 = Release|Any CPU
		{3C771061-3B66-4894-B008-A97CA03FC843}.Debug|Any CPU.ActiveCfg = Debug|Any CPU
		{3C771061-3B66-4894-B008-A97CA03FC843}.Debug|Any CPU.Build.0 = Debug|Any CPU
		{3C771061-3B66-4894-B008-A97CA03FC843}.Release|Any CPU.ActiveCfg = Release|Any CPU
		{3C771061-3B66-4894-B008-A97CA03FC843}.Release|Any CPU.Build.0 = Release|Any CPU
		{6E5A6280-EE67-4AF5-BEE4-6E72F52A50CC}.Debug|Any CPU.ActiveCfg = Debug|Any CPU
		{6E5A6280-EE67-4AF5-BEE4-6E72F52A50CC}.Debug|Any CPU.Build.0 = Debug|Any CPU
		{6E5A6280-EE67-4AF5-BEE4-6E72F52A50CC}.Release|Any CPU.ActiveCfg = Release|Any CPU
		{6E5A6280-EE67-4AF5-BEE4-6E72F52A50CC}.Release|Any CPU.Build.0 = Release|Any CPU
		{522E1757-28D6-4010-8DB4-C75E390A663C}.Debug|Any CPU.ActiveCfg = Debug|Any CPU
		{522E1757-28D6-4010-8DB4-C75E390A663C}.Debug|Any CPU.Build.0 = Debug|Any CPU
		{522E1757-28D6-4010-8DB4-C75E390A663C}.Release|Any CPU.ActiveCfg = Release|Any CPU
		{522E1757-28D6-4010-8DB4-C75E390A663C}.Release|Any CPU.Build.0 = Release|Any CPU
	EndGlobalSection
	GlobalSection(SolutionProperties) = preSolution
		HideSolutionNode = FALSE
	EndGlobalSection
	GlobalSection(ExtensibilityGlobals) = postSolution
		SolutionGuid = {34C2B363-43E6-4466-BBE7-C6454610E9C2}
	EndGlobalSection
EndGlobal
